
Microsoft Visual Studio Solution File, Format Version 12.00
Project("{FAE04EC0-301F-11D3-BF4B-00C04F79EFBC}") = "Saku Overclock.Service", "Saku Overclock.Service\Saku Overclock.Service.csproj", "{A2A40700-38D1-4C0F-A5B3-D3BE68147480}"
EndProject
Project("{FAE04EC0-301F-11D3-BF4B-00C04F79EFBC}") = "Saku Overclock.Shared", "..\Saku Overclock.Shared\Saku Overclock.Shared\Saku Overclock.Shared.csproj", "{C37F6911-755E-4627-87F7-A2FC044BBCDB}"
EndProject
Project("{FAE04EC0-301F-11D3-BF4B-00C04F79EFBC}") = "Saku Overclock.Core", "..\Saku Overclock.Core\Saku Overclock.Core\Saku Overclock.Core.csproj", "{ED38153D-C968-4BD7-87BA-CEA45D005AB4}"
EndProject
Project("{FAE04EC0-301F-11D3-BF4B-00C04F79EFBC}") = "ZenStates-Core", "ZenStates.Core\ZenStates-Core.csproj", "{B33CCEC4-C414-47CA-96C6-D3AC325B8075}"
EndProject
Global
	GlobalSection(SolutionConfigurationPlatforms) = preSolution
		Debug|Any CPU = Debug|Any CPU
		Release|Any CPU = Release|Any CPU
	EndGlobalSection
	GlobalSection(ProjectConfigurationPlatforms) = postSolution
		{A2A40700-38D1-4C0F-A5B3-D3BE68147480}.Debug|Any CPU.ActiveCfg = Debug|Any CPU
		{A2A40700-38D1-4C0F-A5B3-D3BE68147480}.Debug|Any CPU.Build.0 = Debug|Any CPU
		{A2A40700-38D1-4C0F-A5B3-D3BE68147480}.Release|Any CPU.ActiveCfg = Release|Any CPU
		{A2A40700-38D1-4C0F-A5B3-D3BE68147480}.Release|Any CPU.Build.0 = Release|Any CPU
		{C37F6911-755E-4627-87F7-A2FC044BBCDB}.Debug|Any CPU.ActiveCfg = Debug|Any CPU
		{C37F6911-755E-4627-87F7-A2FC044BBCDB}.Debug|Any CPU.Build.0 = Debug|Any CPU
		{C37F6911-755E-4627-87F7-A2FC044BBCDB}.Release|Any CPU.ActiveCfg = Release|Any CPU
		{C37F6911-755E-4627-87F7-A2FC044BBCDB}.Release|Any CPU.Build.0 = Release|Any CPU
		{ED38153D-C968-4BD7-87BA-CEA45D005AB4}.Debug|Any CPU.ActiveCfg = Debug|Any CPU
		{ED38153D-C968-4BD7-87BA-CEA45D005AB4}.Debug|Any CPU.Build.0 = Debug|Any CPU
		{ED38153D-C968-4BD7-87BA-CEA45D005AB4}.Release|Any CPU.ActiveCfg = Release|Any CPU
		{ED38153D-C968-4BD7-87BA-CEA45D005AB4}.Release|Any CPU.Build.0 = Release|Any CPU
		{B33CCEC4-C414-47CA-96C6-D3AC325B8075}.Debug|Any CPU.ActiveCfg = Debug|Any CPU
		{B33CCEC4-C414-47CA-96C6-D3AC325B8075}.Debug|Any CPU.Build.0 = Debug|Any CPU
		{B33CCEC4-C414-47CA-96C6-D3AC325B8075}.Release|Any CPU.ActiveCfg = Release|Any CPU
		{B33CCEC4-C414-47CA-96C6-D3AC325B8075}.Release|Any CPU.Build.0 = Release|Any CPU
	EndGlobalSection
EndGlobal
